
Microsoft Visual Studio Solution File, Format Version 12.00
# Visual Studio Version 16
VisualStudioVersion = 16.0.31205.134
MinimumVisualStudioVersion = 10.0.40219.1
Project("{FAE04EC0-301F-11D3-BF4B-00C04F79EFBC}") = "HDKNoiSQL", "HDKNoiSQL\HDKNoiSQL.csproj", "{0C176498-A201-4CB9-945B-1B71CF94216B}"
EndProject
Global
	GlobalSection(SolutionConfigurationPlatforms) = preSolution
		Debug|Any CPU = Debug|Any CPU
		Release|Any CPU = Release|Any CPU
	EndGlobalSection
	GlobalSection(ProjectConfigurationPlatforms) = postSolution
		{0C176498-A201-4CB9-945B-1B71CF94216B}.Debug|Any CPU.ActiveCfg = Debug|Any CPU
		{0C176498-A201-4CB9-945B-1B71CF94216B}.Debug|Any CPU.Build.0 = Debug|Any CPU
		{0C176498-A201-4CB9-945B-1B71CF94216B}.Release|Any CPU.ActiveCfg = Release|Any CPU
		{0C176498-A201-4CB9-945B-1B71CF94216B}.Release|Any CPU.Build.0 = Release|Any CPU
	EndGlobalSection
	GlobalSection(SolutionProperties) = preSolution
		HideSolutionNode = FALSE
	EndGlobalSection
	GlobalSection(ExtensibilityGlobals) = postSolution
		SolutionGuid = {5D781220-73FA-4483-B84B-03488B2F7DEB}
	EndGlobalSection
EndGlobal
